
Microsoft Visual Studio Solution File, Format Version 12.00
# Visual Studio Version 16
VisualStudioVersion = 16.0.32228.343
MinimumVisualStudioVersion = 10.0.40219.1
Project("{FAE04EC0-301F-11D3-BF4B-00C04F79EFBC}") = "RockPaperScissors", "RockPaperScissors\RockPaperScissors.csproj", "{CC5AA588-9E49-4A2A-A648-1E919CD71ABE}"
EndProject
Global
	GlobalSection(SolutionConfigurationPlatforms) = preSolution
		Debug|Any CPU = Debug|Any CPU
		Release|Any CPU = Release|Any CPU
	EndGlobalSection
	GlobalSection(ProjectConfigurationPlatforms) = postSolution
		{CC5AA588-9E49-4A2A-A648-1E919CD71ABE}.Debug|Any CPU.ActiveCfg = Debug|Any CPU
		{CC5AA588-9E49-4A2A-A648-1E919CD71ABE}.Debug|Any CPU.Build.0 = Debug|Any CPU
		{CC5AA588-9E49-4A2A-A648-1E919CD71ABE}.Release|Any CPU.ActiveCfg = Release|Any CPU
		{CC5AA588-9E49-4A2A-A648-1E919CD71ABE}.Release|Any CPU.Build.0 = Release|Any CPU
	EndGlobalSection
	GlobalSection(SolutionProperties) = preSolution
		HideSolutionNode = FALSE
	EndGlobalSection
	GlobalSection(ExtensibilityGlobals) = postSolution
		SolutionGuid = {467B473B-CEC0-4325-8199-6AEE8C16B80E}
	EndGlobalSection
EndGlobal
